// !$*UTF8*$!
{
	archiveVersion = 1;
	classes = {
	};
	objectVersion = 55;
	objects = {

/* Begin PBXBuildFile section */
		0A1305E7288196120025F183 /* AddHighlightViewModel.swift in Sources */ = {isa = PBXBuildFile; fileRef = 0A1305E6288196120025F183 /* AddHighlightViewModel.swift */; };
		0A1305E9288196750025F183 /* Highlight+Extensions.swift in Sources */ = {isa = PBXBuildFile; fileRef = 0A1305E8288196750025F183 /* Highlight+Extensions.swift */; };
		0A1305EB288196910025F183 /* BaseModel.swift in Sources */ = {isa = PBXBuildFile; fileRef = 0A1305EA288196910025F183 /* BaseModel.swift */; };
		0A1305ED288198E20025F183 /* AddFileViewModel.swift in Sources */ = {isa = PBXBuildFile; fileRef = 0A1305EC288198E20025F183 /* AddFileViewModel.swift */; };
		0A1305EF28819F500025F183 /* File+Extensions.swift in Sources */ = {isa = PBXBuildFile; fileRef = 0A1305EE28819F500025F183 /* File+Extensions.swift */; };
		0A1305F1288272D80025F183 /* FileViewModel.swift in Sources */ = {isa = PBXBuildFile; fileRef = 0A1305F0288272D80025F183 /* FileViewModel.swift */; };
		0A1305F328828B6A0025F183 /* AddFileView.swift in Sources */ = {isa = PBXBuildFile; fileRef = 0A1305F228828B6A0025F183 /* AddFileView.swift */; };
		0A1305F5288291450025F183 /* FilesListViewModel.swift in Sources */ = {isa = PBXBuildFile; fileRef = 0A1305F4288291450025F183 /* FilesListViewModel.swift */; };
		0A1305F72883B7B10025F183 /* HighlightsListViewModel.swift in Sources */ = {isa = PBXBuildFile; fileRef = 0A1305F62883B7B10025F183 /* HighlightsListViewModel.swift */; };
		0A1305F92883BD600025F183 /* HighlightViewModel.swift in Sources */ = {isa = PBXBuildFile; fileRef = 0A1305F82883BD600025F183 /* HighlightViewModel.swift */; };
		0A1306082883C7B10025F183 /* UIColorTransformer.swift in Sources */ = {isa = PBXBuildFile; fileRef = 0A1306072883C7B10025F183 /* UIColorTransformer.swift */; };
		0A13060C2883CF840025F183 /* SelectionLineViewModel.swift in Sources */ = {isa = PBXBuildFile; fileRef = 0A13060B2883CF840025F183 /* SelectionLineViewModel.swift */; };
		0A13060E2883D24E0025F183 /* SelectionLine+Extensions.swift in Sources */ = {isa = PBXBuildFile; fileRef = 0A13060D2883D24E0025F183 /* SelectionLine+Extensions.swift */; };
		0A1306102883D7DE0025F183 /* AddSelectionLineViewModel.swift in Sources */ = {isa = PBXBuildFile; fileRef = 0A13060F2883D7DE0025F183 /* AddSelectionLineViewModel.swift */; };
		0A130612288452FC0025F183 /* AddTranslationViewModel.swift in Sources */ = {isa = PBXBuildFile; fileRef = 0A130611288452FC0025F183 /* AddTranslationViewModel.swift */; };
		0A130614288453150025F183 /* TranslationViewModel.swift in Sources */ = {isa = PBXBuildFile; fileRef = 0A130613288453150025F183 /* TranslationViewModel.swift */; };
		0A1306162884551D0025F183 /* Translation+Extensions.swift in Sources */ = {isa = PBXBuildFile; fileRef = 0A1306152884551D0025F183 /* Translation+Extensions.swift */; };
		0A35A1C628729A070001CFBD /* HighlightTableViewCell.swift in Sources */ = {isa = PBXBuildFile; fileRef = 0A35A1C428729A070001CFBD /* HighlightTableViewCell.swift */; };
		0A35A1C728729A070001CFBD /* HighlightTableViewCell.xib in Resources */ = {isa = PBXBuildFile; fileRef = 0A35A1C528729A070001CFBD /* HighlightTableViewCell.xib */; };
		0A35A1CA2872DAE90001CFBD /* UIViewExt.swift in Sources */ = {isa = PBXBuildFile; fileRef = 0A35A1C92872DAE90001CFBD /* UIViewExt.swift */; };
		0A35A1CD287344A70001CFBD /* HighlightCoreDataManager.swift in Sources */ = {isa = PBXBuildFile; fileRef = 0A35A1CC287344A70001CFBD /* HighlightCoreDataManager.swift */; };
		0A35A1CF2873466E0001CFBD /* SelectionLineCoreDataManager.swift in Sources */ = {isa = PBXBuildFile; fileRef = 0A35A1CE2873466E0001CFBD /* SelectionLineCoreDataManager.swift */; };
		0A35A1D128734A8D0001CFBD /* UIColorExt.swift in Sources */ = {isa = PBXBuildFile; fileRef = 0A35A1D028734A8D0001CFBD /* UIColorExt.swift */; };
		0A35A1D32873633C0001CFBD /* Translation.swift in Sources */ = {isa = PBXBuildFile; fileRef = 0A35A1D22873633C0001CFBD /* Translation.swift */; };
		0A37B23128848D57002107F6 /* TranslationView.swift in Sources */ = {isa = PBXBuildFile; fileRef = 0A37B23028848D57002107F6 /* TranslationView.swift */; };
		0A37B23528848DC4002107F6 /* TranslationView.xib in Resources */ = {isa = PBXBuildFile; fileRef = 0A37B23428848DC4002107F6 /* TranslationView.xib */; };
		0A37B23B28855100002107F6 /* HighlightCellView.swift in Sources */ = {isa = PBXBuildFile; fileRef = 0A37B23A28855100002107F6 /* HighlightCellView.swift */; };
		0A37B23D2885559F002107F6 /* HighlightDetailView.swift in Sources */ = {isa = PBXBuildFile; fileRef = 0A37B23C2885559F002107F6 /* HighlightDetailView.swift */; };
		0A37B23F28855EF8002107F6 /* NoteInputView.swift in Sources */ = {isa = PBXBuildFile; fileRef = 0A37B23E28855EF8002107F6 /* NoteInputView.swift */; };
		0A37B241288583FB002107F6 /* DocumentSideView.swift in Sources */ = {isa = PBXBuildFile; fileRef = 0A37B240288583FB002107F6 /* DocumentSideView.swift */; };
		0A8B3F1E286CAA9E003DE765 /* DocumentView.swift in Sources */ = {isa = PBXBuildFile; fileRef = 0A8B3F1D286CAA9E003DE765 /* DocumentView.swift */; };
		0A8B3F26286CB99E003DE765 /* Document.storyboard in Resources */ = {isa = PBXBuildFile; fileRef = 0A8B3F25286CB99E003DE765 /* Document.storyboard */; };
		0A8B3F28286CB9B0003DE765 /* DocumentViewController.swift in Sources */ = {isa = PBXBuildFile; fileRef = 0A8B3F27286CB9B0003DE765 /* DocumentViewController.swift */; };
		0AD62B52288595A300D70A35 /* UpdateHighlightViewModel.swift in Sources */ = {isa = PBXBuildFile; fileRef = 0AD62B51288595A300D70A35 /* UpdateHighlightViewModel.swift */; };
		0AD62B542885C6F100D70A35 /* ColorExt.swift in Sources */ = {isa = PBXBuildFile; fileRef = 0AD62B532885C6F100D70A35 /* ColorExt.swift */; };
		0AD62B572885CC3E00D70A35 /* Highlight+CoreDataClass.swift in Sources */ = {isa = PBXBuildFile; fileRef = 0AD62B552885CC3E00D70A35 /* Highlight+CoreDataClass.swift */; };
		0AD62B582885CC3E00D70A35 /* Highlight+CoreDataProperties.swift in Sources */ = {isa = PBXBuildFile; fileRef = 0AD62B562885CC3E00D70A35 /* Highlight+CoreDataProperties.swift */; };
		0AD62B5A2885CFCE00D70A35 /* NoteViewModel.swift in Sources */ = {isa = PBXBuildFile; fileRef = 0AD62B592885CFCE00D70A35 /* NoteViewModel.swift */; };
		0AD62B5C2885D07500D70A35 /* AddNoteViewModel.swift in Sources */ = {isa = PBXBuildFile; fileRef = 0AD62B5B2885D07500D70A35 /* AddNoteViewModel.swift */; };
		0AD62B5E2885D0C700D70A35 /* NotesListViewModel.swift in Sources */ = {isa = PBXBuildFile; fileRef = 0AD62B5D2885D0C700D70A35 /* NotesListViewModel.swift */; };
		0AD62B602885D11700D70A35 /* Note+Extensions.swift in Sources */ = {isa = PBXBuildFile; fileRef = 0AD62B5F2885D11700D70A35 /* Note+Extensions.swift */; };
		0AD62B6228864E9700D70A35 /* DateExt.swift in Sources */ = {isa = PBXBuildFile; fileRef = 0AD62B6128864E9700D70A35 /* DateExt.swift */; };
		658D76302871CD7100C60B5C /* FilesView.swift in Sources */ = {isa = PBXBuildFile; fileRef = 658D762F2871CD7100C60B5C /* FilesView.swift */; };
		658D76322871CD7E00C60B5C /* TagsView.swift in Sources */ = {isa = PBXBuildFile; fileRef = 658D76312871CD7E00C60B5C /* TagsView.swift */; };
		658D76342871D31200C60B5C /* EmptyView.swift in Sources */ = {isa = PBXBuildFile; fileRef = 658D76332871D31200C60B5C /* EmptyView.swift */; };
		658D76362871EA3100C60B5C /* SearchObservableObjectFile.swift in Sources */ = {isa = PBXBuildFile; fileRef = 658D76352871EA3100C60B5C /* SearchObservableObjectFile.swift */; };
		658D763A28721A1D00C60B5C /* RecentlyViewedDropdownView.swift in Sources */ = {isa = PBXBuildFile; fileRef = 658D763928721A1D00C60B5C /* RecentlyViewedDropdownView.swift */; };
		65EC7FCE286C40BA007F47D4 /* MC2App.swift in Sources */ = {isa = PBXBuildFile; fileRef = 65EC7FCD286C40BA007F47D4 /* MC2App.swift */; };
		65EC7FD0286C40BA007F47D4 /* ContentViewExample.swift in Sources */ = {isa = PBXBuildFile; fileRef = 65EC7FCF286C40BA007F47D4 /* ContentViewExample.swift */; };
		65EC7FD2286C40BB007F47D4 /* Assets.xcassets in Resources */ = {isa = PBXBuildFile; fileRef = 65EC7FD1286C40BB007F47D4 /* Assets.xcassets */; };
		65EC7FD5286C40BB007F47D4 /* Preview Assets.xcassets in Resources */ = {isa = PBXBuildFile; fileRef = 65EC7FD4286C40BB007F47D4 /* Preview Assets.xcassets */; };
		65EC7FD7286C40BB007F47D4 /* Persistence.swift in Sources */ = {isa = PBXBuildFile; fileRef = 65EC7FD6286C40BB007F47D4 /* Persistence.swift */; };
		65EC7FDA286C40BB007F47D4 /* MC2.xcdatamodeld in Sources */ = {isa = PBXBuildFile; fileRef = 65EC7FD8286C40BB007F47D4 /* MC2.xcdatamodeld */; };
		65EC7FE1286C41BE007F47D4 /* ContentView.swift in Sources */ = {isa = PBXBuildFile; fileRef = 65EC7FE0286C41BE007F47D4 /* ContentView.swift */; };
		65EC7FE6286C4288007F47D4 /* DashboardView.swift in Sources */ = {isa = PBXBuildFile; fileRef = 65EC7FE2286C4288007F47D4 /* DashboardView.swift */; };
		65EC7FE7286C4288007F47D4 /* SettingView.swift in Sources */ = {isa = PBXBuildFile; fileRef = 65EC7FE3286C4288007F47D4 /* SettingView.swift */; };
		65EC7FE9286C4288007F47D4 /* SideView.swift in Sources */ = {isa = PBXBuildFile; fileRef = 65EC7FE5286C4288007F47D4 /* SideView.swift */; };
/* End PBXBuildFile section */

/* Begin PBXFileReference section */
		0A1305E6288196120025F183 /* AddHighlightViewModel.swift */ = {isa = PBXFileReference; lastKnownFileType = sourcecode.swift; path = AddHighlightViewModel.swift; sourceTree = "<group>"; };
		0A1305E8288196750025F183 /* Highlight+Extensions.swift */ = {isa = PBXFileReference; lastKnownFileType = sourcecode.swift; path = "Highlight+Extensions.swift"; sourceTree = "<group>"; };
		0A1305EA288196910025F183 /* BaseModel.swift */ = {isa = PBXFileReference; lastKnownFileType = sourcecode.swift; path = BaseModel.swift; sourceTree = "<group>"; };
		0A1305EC288198E20025F183 /* AddFileViewModel.swift */ = {isa = PBXFileReference; lastKnownFileType = sourcecode.swift; path = AddFileViewModel.swift; sourceTree = "<group>"; };
		0A1305EE28819F500025F183 /* File+Extensions.swift */ = {isa = PBXFileReference; lastKnownFileType = sourcecode.swift; path = "File+Extensions.swift"; sourceTree = "<group>"; };
		0A1305F0288272D80025F183 /* FileViewModel.swift */ = {isa = PBXFileReference; lastKnownFileType = sourcecode.swift; path = FileViewModel.swift; sourceTree = "<group>"; };
		0A1305F228828B6A0025F183 /* AddFileView.swift */ = {isa = PBXFileReference; lastKnownFileType = sourcecode.swift; path = AddFileView.swift; sourceTree = "<group>"; };
		0A1305F4288291450025F183 /* FilesListViewModel.swift */ = {isa = PBXFileReference; lastKnownFileType = sourcecode.swift; path = FilesListViewModel.swift; sourceTree = "<group>"; };
		0A1305F62883B7B10025F183 /* HighlightsListViewModel.swift */ = {isa = PBXFileReference; lastKnownFileType = sourcecode.swift; path = HighlightsListViewModel.swift; sourceTree = "<group>"; };
		0A1305F82883BD600025F183 /* HighlightViewModel.swift */ = {isa = PBXFileReference; lastKnownFileType = sourcecode.swift; path = HighlightViewModel.swift; sourceTree = "<group>"; };
		0A1306072883C7B10025F183 /* UIColorTransformer.swift */ = {isa = PBXFileReference; lastKnownFileType = sourcecode.swift; path = UIColorTransformer.swift; sourceTree = "<group>"; };
		0A13060B2883CF840025F183 /* SelectionLineViewModel.swift */ = {isa = PBXFileReference; lastKnownFileType = sourcecode.swift; path = SelectionLineViewModel.swift; sourceTree = "<group>"; };
		0A13060D2883D24E0025F183 /* SelectionLine+Extensions.swift */ = {isa = PBXFileReference; lastKnownFileType = sourcecode.swift; path = "SelectionLine+Extensions.swift"; sourceTree = "<group>"; };
		0A13060F2883D7DE0025F183 /* AddSelectionLineViewModel.swift */ = {isa = PBXFileReference; lastKnownFileType = sourcecode.swift; path = AddSelectionLineViewModel.swift; sourceTree = "<group>"; };
		0A130611288452FC0025F183 /* AddTranslationViewModel.swift */ = {isa = PBXFileReference; lastKnownFileType = sourcecode.swift; path = AddTranslationViewModel.swift; sourceTree = "<group>"; };
		0A130613288453150025F183 /* TranslationViewModel.swift */ = {isa = PBXFileReference; lastKnownFileType = sourcecode.swift; path = TranslationViewModel.swift; sourceTree = "<group>"; };
		0A1306152884551D0025F183 /* Translation+Extensions.swift */ = {isa = PBXFileReference; lastKnownFileType = sourcecode.swift; path = "Translation+Extensions.swift"; sourceTree = "<group>"; };
		0A35A1C428729A070001CFBD /* HighlightTableViewCell.swift */ = {isa = PBXFileReference; lastKnownFileType = sourcecode.swift; path = HighlightTableViewCell.swift; sourceTree = "<group>"; };
		0A35A1C528729A070001CFBD /* HighlightTableViewCell.xib */ = {isa = PBXFileReference; lastKnownFileType = file.xib; path = HighlightTableViewCell.xib; sourceTree = "<group>"; };
		0A35A1C92872DAE90001CFBD /* UIViewExt.swift */ = {isa = PBXFileReference; lastKnownFileType = sourcecode.swift; path = UIViewExt.swift; sourceTree = "<group>"; };
		0A35A1CC287344A70001CFBD /* HighlightCoreDataManager.swift */ = {isa = PBXFileReference; lastKnownFileType = sourcecode.swift; path = HighlightCoreDataManager.swift; sourceTree = "<group>"; };
		0A35A1CE2873466E0001CFBD /* SelectionLineCoreDataManager.swift */ = {isa = PBXFileReference; lastKnownFileType = sourcecode.swift; path = SelectionLineCoreDataManager.swift; sourceTree = "<group>"; };
		0A35A1D028734A8D0001CFBD /* UIColorExt.swift */ = {isa = PBXFileReference; lastKnownFileType = sourcecode.swift; path = UIColorExt.swift; sourceTree = "<group>"; };
		0A35A1D22873633C0001CFBD /* Translation.swift */ = {isa = PBXFileReference; lastKnownFileType = sourcecode.swift; path = Translation.swift; sourceTree = "<group>"; };
		0A37B23028848D57002107F6 /* TranslationView.swift */ = {isa = PBXFileReference; lastKnownFileType = sourcecode.swift; path = TranslationView.swift; sourceTree = "<group>"; };
		0A37B23428848DC4002107F6 /* TranslationView.xib */ = {isa = PBXFileReference; lastKnownFileType = file.xib; path = TranslationView.xib; sourceTree = "<group>"; };
		0A37B23A28855100002107F6 /* HighlightCellView.swift */ = {isa = PBXFileReference; lastKnownFileType = sourcecode.swift; path = HighlightCellView.swift; sourceTree = "<group>"; };
		0A37B23C2885559F002107F6 /* HighlightDetailView.swift */ = {isa = PBXFileReference; lastKnownFileType = sourcecode.swift; path = HighlightDetailView.swift; sourceTree = "<group>"; };
		0A37B23E28855EF8002107F6 /* NoteInputView.swift */ = {isa = PBXFileReference; lastKnownFileType = sourcecode.swift; path = NoteInputView.swift; sourceTree = "<group>"; };
		0A37B240288583FB002107F6 /* DocumentSideView.swift */ = {isa = PBXFileReference; lastKnownFileType = sourcecode.swift; path = DocumentSideView.swift; sourceTree = "<group>"; };
		0A8B3F1D286CAA9E003DE765 /* DocumentView.swift */ = {isa = PBXFileReference; lastKnownFileType = sourcecode.swift; path = DocumentView.swift; sourceTree = "<group>"; };
		0A8B3F25286CB99E003DE765 /* Document.storyboard */ = {isa = PBXFileReference; lastKnownFileType = file.storyboard; path = Document.storyboard; sourceTree = "<group>"; };
		0A8B3F27286CB9B0003DE765 /* DocumentViewController.swift */ = {isa = PBXFileReference; lastKnownFileType = sourcecode.swift; path = DocumentViewController.swift; sourceTree = "<group>"; };
		0AD62B51288595A300D70A35 /* UpdateHighlightViewModel.swift */ = {isa = PBXFileReference; lastKnownFileType = sourcecode.swift; path = UpdateHighlightViewModel.swift; sourceTree = "<group>"; };
		0AD62B532885C6F100D70A35 /* ColorExt.swift */ = {isa = PBXFileReference; lastKnownFileType = sourcecode.swift; path = ColorExt.swift; sourceTree = "<group>"; };
		0AD62B552885CC3E00D70A35 /* Highlight+CoreDataClass.swift */ = {isa = PBXFileReference; lastKnownFileType = sourcecode.swift; path = "Highlight+CoreDataClass.swift"; sourceTree = "<group>"; };
		0AD62B562885CC3E00D70A35 /* Highlight+CoreDataProperties.swift */ = {isa = PBXFileReference; lastKnownFileType = sourcecode.swift; path = "Highlight+CoreDataProperties.swift"; sourceTree = "<group>"; };
		0AD62B592885CFCE00D70A35 /* NoteViewModel.swift */ = {isa = PBXFileReference; lastKnownFileType = sourcecode.swift; path = NoteViewModel.swift; sourceTree = "<group>"; };
		0AD62B5B2885D07500D70A35 /* AddNoteViewModel.swift */ = {isa = PBXFileReference; lastKnownFileType = sourcecode.swift; path = AddNoteViewModel.swift; sourceTree = "<group>"; };
		0AD62B5D2885D0C700D70A35 /* NotesListViewModel.swift */ = {isa = PBXFileReference; lastKnownFileType = sourcecode.swift; path = NotesListViewModel.swift; sourceTree = "<group>"; };
		0AD62B5F2885D11700D70A35 /* Note+Extensions.swift */ = {isa = PBXFileReference; lastKnownFileType = sourcecode.swift; path = "Note+Extensions.swift"; sourceTree = "<group>"; };
		0AD62B6128864E9700D70A35 /* DateExt.swift */ = {isa = PBXFileReference; lastKnownFileType = sourcecode.swift; path = DateExt.swift; sourceTree = "<group>"; };
		658D762F2871CD7100C60B5C /* FilesView.swift */ = {isa = PBXFileReference; lastKnownFileType = sourcecode.swift; path = FilesView.swift; sourceTree = "<group>"; };
		658D76312871CD7E00C60B5C /* TagsView.swift */ = {isa = PBXFileReference; lastKnownFileType = sourcecode.swift; path = TagsView.swift; sourceTree = "<group>"; };
		658D76332871D31200C60B5C /* EmptyView.swift */ = {isa = PBXFileReference; lastKnownFileType = sourcecode.swift; path = EmptyView.swift; sourceTree = "<group>"; };
		658D76352871EA3100C60B5C /* SearchObservableObjectFile.swift */ = {isa = PBXFileReference; lastKnownFileType = sourcecode.swift; path = SearchObservableObjectFile.swift; sourceTree = "<group>"; };
		658D763928721A1D00C60B5C /* RecentlyViewedDropdownView.swift */ = {isa = PBXFileReference; lastKnownFileType = sourcecode.swift; path = RecentlyViewedDropdownView.swift; sourceTree = "<group>"; };
		65EC7FCA286C40BA007F47D4 /* MC2.app */ = {isa = PBXFileReference; explicitFileType = wrapper.application; includeInIndex = 0; path = MC2.app; sourceTree = BUILT_PRODUCTS_DIR; };
		65EC7FCD286C40BA007F47D4 /* MC2App.swift */ = {isa = PBXFileReference; lastKnownFileType = sourcecode.swift; path = MC2App.swift; sourceTree = "<group>"; };
		65EC7FCF286C40BA007F47D4 /* ContentViewExample.swift */ = {isa = PBXFileReference; lastKnownFileType = sourcecode.swift; path = ContentViewExample.swift; sourceTree = "<group>"; };
		65EC7FD1286C40BB007F47D4 /* Assets.xcassets */ = {isa = PBXFileReference; lastKnownFileType = folder.assetcatalog; path = Assets.xcassets; sourceTree = "<group>"; };
		65EC7FD4286C40BB007F47D4 /* Preview Assets.xcassets */ = {isa = PBXFileReference; lastKnownFileType = folder.assetcatalog; path = "Preview Assets.xcassets"; sourceTree = "<group>"; };
		65EC7FD6286C40BB007F47D4 /* Persistence.swift */ = {isa = PBXFileReference; lastKnownFileType = sourcecode.swift; path = Persistence.swift; sourceTree = "<group>"; };
		65EC7FD9286C40BB007F47D4 /* MC2.xcdatamodel */ = {isa = PBXFileReference; lastKnownFileType = wrapper.xcdatamodel; path = MC2.xcdatamodel; sourceTree = "<group>"; };
		65EC7FE0286C41BE007F47D4 /* ContentView.swift */ = {isa = PBXFileReference; lastKnownFileType = sourcecode.swift; path = ContentView.swift; sourceTree = "<group>"; };
		65EC7FE2286C4288007F47D4 /* DashboardView.swift */ = {isa = PBXFileReference; fileEncoding = 4; lastKnownFileType = sourcecode.swift; path = DashboardView.swift; sourceTree = "<group>"; };
		65EC7FE3286C4288007F47D4 /* SettingView.swift */ = {isa = PBXFileReference; fileEncoding = 4; lastKnownFileType = sourcecode.swift; path = SettingView.swift; sourceTree = "<group>"; };
		65EC7FE5286C4288007F47D4 /* SideView.swift */ = {isa = PBXFileReference; fileEncoding = 2147484672; lastKnownFileType = sourcecode.swift; path = SideView.swift; sourceTree = "<group>"; };
/* End PBXFileReference section */

/* Begin PBXFrameworksBuildPhase section */
		65EC7FC7286C40BA007F47D4 /* Frameworks */ = {
			isa = PBXFrameworksBuildPhase;
			buildActionMask = 2147483647;
			files = (
			);
			runOnlyForDeploymentPostprocessing = 0;
		};
/* End PBXFrameworksBuildPhase section */

/* Begin PBXGroup section */
		0A1305E5288195C80025F183 /* View Models */ = {
			isa = PBXGroup;
			children = (
				0A1305E6288196120025F183 /* AddHighlightViewModel.swift */,
				0A1305EC288198E20025F183 /* AddFileViewModel.swift */,
				0A1305F0288272D80025F183 /* FileViewModel.swift */,
				0A1305F4288291450025F183 /* FilesListViewModel.swift */,
				0A1305F62883B7B10025F183 /* HighlightsListViewModel.swift */,
				0A1305F82883BD600025F183 /* HighlightViewModel.swift */,
				0A13060B2883CF840025F183 /* SelectionLineViewModel.swift */,
				0A13060F2883D7DE0025F183 /* AddSelectionLineViewModel.swift */,
				0A130611288452FC0025F183 /* AddTranslationViewModel.swift */,
				0A130613288453150025F183 /* TranslationViewModel.swift */,
				0AD62B51288595A300D70A35 /* UpdateHighlightViewModel.swift */,
				0AD62B592885CFCE00D70A35 /* NoteViewModel.swift */,
				0AD62B5B2885D07500D70A35 /* AddNoteViewModel.swift */,
				0AD62B5D2885D0C700D70A35 /* NotesListViewModel.swift */,
			);
			path = "View Models";
			sourceTree = "<group>";
		};
		0A1306062883C7A00025F183 /* Transformers */ = {
			isa = PBXGroup;
			children = (
				0A1306072883C7B10025F183 /* UIColorTransformer.swift */,
			);
			path = Transformers;
			sourceTree = "<group>";
		};
		0A35A1C3287299D80001CFBD /* components */ = {
			isa = PBXGroup;
			children = (
				0A35A1C428729A070001CFBD /* HighlightTableViewCell.swift */,
				0A35A1C528729A070001CFBD /* HighlightTableViewCell.xib */,
				0A37B23028848D57002107F6 /* TranslationView.swift */,
				0A37B23428848DC4002107F6 /* TranslationView.xib */,
				0A37B23A28855100002107F6 /* HighlightCellView.swift */,
				0A37B23C2885559F002107F6 /* HighlightDetailView.swift */,
				0A37B23E28855EF8002107F6 /* NoteInputView.swift */,
			);
			path = components;
			sourceTree = "<group>";
		};
		0A35A1C82872DAD10001CFBD /* Extensions */ = {
			isa = PBXGroup;
			children = (
				0A35A1C92872DAE90001CFBD /* UIViewExt.swift */,
				0A35A1D028734A8D0001CFBD /* UIColorExt.swift */,
				0AD62B532885C6F100D70A35 /* ColorExt.swift */,
				0AD62B6128864E9700D70A35 /* DateExt.swift */,
			);
			path = Extensions;
			sourceTree = "<group>";
		};
		0A35A1CB28733C7F0001CFBD /* Helper */ = {
			isa = PBXGroup;
			children = (
				0A35A1CC287344A70001CFBD /* HighlightCoreDataManager.swift */,
				0A35A1CE2873466E0001CFBD /* SelectionLineCoreDataManager.swift */,
				0A35A1D22873633C0001CFBD /* Translation.swift */,
			);
			path = Helper;
			sourceTree = "<group>";
		};
		650429F5286C4F98000DD875 /* Views */ = {
			isa = PBXGroup;
			children = (
				65EC7FCF286C40BA007F47D4 /* ContentViewExample.swift */,
				0A35A1C3287299D80001CFBD /* components */,
				65EC7FCD286C40BA007F47D4 /* MC2App.swift */,
				65EC7FE0286C41BE007F47D4 /* ContentView.swift */,
				65EC7FE2286C4288007F47D4 /* DashboardView.swift */,
				65EC7FE3286C4288007F47D4 /* SettingView.swift */,
				65EC7FE5286C4288007F47D4 /* SideView.swift */,
				658D763928721A1D00C60B5C /* RecentlyViewedDropdownView.swift */,
				0A8B3F1D286CAA9E003DE765 /* DocumentView.swift */,
				0A8B3F25286CB99E003DE765 /* Document.storyboard */,
				658D762F2871CD7100C60B5C /* FilesView.swift */,
				658D76312871CD7E00C60B5C /* TagsView.swift */,
				658D76332871D31200C60B5C /* EmptyView.swift */,
				658D76352871EA3100C60B5C /* SearchObservableObjectFile.swift */,
				0A1305F228828B6A0025F183 /* AddFileView.swift */,
				0A37B240288583FB002107F6 /* DocumentSideView.swift */,
			);
			path = Views;
			sourceTree = "<group>";
		};
		650429F7286C5050000DD875 /* Controller */ = {
			isa = PBXGroup;
			children = (
				65EC7FD6286C40BB007F47D4 /* Persistence.swift */,
				0A8B3F27286CB9B0003DE765 /* DocumentViewController.swift */,
			);
			path = Controller;
			sourceTree = "<group>";
		};
		650429F8286C508A000DD875 /* Models */ = {
			isa = PBXGroup;
			children = (
				0A1305E8288196750025F183 /* Highlight+Extensions.swift */,
				0AD62B552885CC3E00D70A35 /* Highlight+CoreDataClass.swift */,
				0AD62B562885CC3E00D70A35 /* Highlight+CoreDataProperties.swift */,
				0A1305EA288196910025F183 /* BaseModel.swift */,
				0A1305EE28819F500025F183 /* File+Extensions.swift */,
				0A13060D2883D24E0025F183 /* SelectionLine+Extensions.swift */,
				0A1306152884551D0025F183 /* Translation+Extensions.swift */,
				0AD62B5F2885D11700D70A35 /* Note+Extensions.swift */,
			);
			path = Models;
			sourceTree = "<group>";
		};
		65EC7FC1286C40BA007F47D4 = {
			isa = PBXGroup;
			children = (
				65EC7FCC286C40BA007F47D4 /* MC2 */,
				65EC7FCB286C40BA007F47D4 /* Products */,
			);
			sourceTree = "<group>";
		};
		65EC7FCB286C40BA007F47D4 /* Products */ = {
			isa = PBXGroup;
			children = (
				65EC7FCA286C40BA007F47D4 /* MC2.app */,
			);
			name = Products;
			sourceTree = "<group>";
		};
		65EC7FCC286C40BA007F47D4 /* MC2 */ = {
			isa = PBXGroup;
			children = (
				0A1306062883C7A00025F183 /* Transformers */,
				0A1305E5288195C80025F183 /* View Models */,
				0A35A1CB28733C7F0001CFBD /* Helper */,
				0A35A1C82872DAD10001CFBD /* Extensions */,
				650429F8286C508A000DD875 /* Models */,
				650429F7286C5050000DD875 /* Controller */,
				650429F5286C4F98000DD875 /* Views */,
				65EC7FD1286C40BB007F47D4 /* Assets.xcassets */,
				65EC7FD8286C40BB007F47D4 /* MC2.xcdatamodeld */,
				65EC7FD3286C40BB007F47D4 /* Preview Content */,
			);
			path = MC2;
			sourceTree = "<group>";
		};
		65EC7FD3286C40BB007F47D4 /* Preview Content */ = {
			isa = PBXGroup;
			children = (
				65EC7FD4286C40BB007F47D4 /* Preview Assets.xcassets */,
			);
			path = "Preview Content";
			sourceTree = "<group>";
		};
/* End PBXGroup section */

/* Begin PBXNativeTarget section */
		65EC7FC9286C40BA007F47D4 /* MC2 */ = {
			isa = PBXNativeTarget;
			buildConfigurationList = 65EC7FDD286C40BB007F47D4 /* Build configuration list for PBXNativeTarget "MC2" */;
			buildPhases = (
				65EC7FC6286C40BA007F47D4 /* Sources */,
				65EC7FC7286C40BA007F47D4 /* Frameworks */,
				65EC7FC8286C40BA007F47D4 /* Resources */,
			);
			buildRules = (
			);
			dependencies = (
			);
			name = MC2;
			productName = MC2;
			productReference = 65EC7FCA286C40BA007F47D4 /* MC2.app */;
			productType = "com.apple.product-type.application";
		};
/* End PBXNativeTarget section */

/* Begin PBXProject section */
		65EC7FC2286C40BA007F47D4 /* Project object */ = {
			isa = PBXProject;
			attributes = {
				BuildIndependentTargetsInParallel = 1;
				LastSwiftUpdateCheck = 1340;
				LastUpgradeCheck = 1340;
				TargetAttributes = {
					65EC7FC9286C40BA007F47D4 = {
						CreatedOnToolsVersion = 13.4.1;
					};
				};
			};
			buildConfigurationList = 65EC7FC5286C40BA007F47D4 /* Build configuration list for PBXProject "MC2" */;
			compatibilityVersion = "Xcode 13.0";
			developmentRegion = en;
			hasScannedForEncodings = 0;
			knownRegions = (
				en,
				Base,
			);
			mainGroup = 65EC7FC1286C40BA007F47D4;
			productRefGroup = 65EC7FCB286C40BA007F47D4 /* Products */;
			projectDirPath = "";
			projectRoot = "";
			targets = (
				65EC7FC9286C40BA007F47D4 /* MC2 */,
			);
		};
/* End PBXProject section */

/* Begin PBXResourcesBuildPhase section */
		65EC7FC8286C40BA007F47D4 /* Resources */ = {
			isa = PBXResourcesBuildPhase;
			buildActionMask = 2147483647;
			files = (
				65EC7FD5286C40BB007F47D4 /* Preview Assets.xcassets in Resources */,
				0A8B3F26286CB99E003DE765 /* Document.storyboard in Resources */,
				0A37B23528848DC4002107F6 /* TranslationView.xib in Resources */,
				0A35A1C728729A070001CFBD /* HighlightTableViewCell.xib in Resources */,
				65EC7FD2286C40BB007F47D4 /* Assets.xcassets in Resources */,
			);
			runOnlyForDeploymentPostprocessing = 0;
		};
/* End PBXResourcesBuildPhase section */

/* Begin PBXSourcesBuildPhase section */
		65EC7FC6286C40BA007F47D4 /* Sources */ = {
			isa = PBXSourcesBuildPhase;
			buildActionMask = 2147483647;
			files = (
				0A1305F92883BD600025F183 /* HighlightViewModel.swift in Sources */,
				0A1306162884551D0025F183 /* Translation+Extensions.swift in Sources */,
				65EC7FD7286C40BB007F47D4 /* Persistence.swift in Sources */,
				0A1305EF28819F500025F183 /* File+Extensions.swift in Sources */,
				0A37B23128848D57002107F6 /* TranslationView.swift in Sources */,
				0A1306082883C7B10025F183 /* UIColorTransformer.swift in Sources */,
				658D76322871CD7E00C60B5C /* TagsView.swift in Sources */,
				0A35A1C628729A070001CFBD /* HighlightTableViewCell.swift in Sources */,
				0A37B241288583FB002107F6 /* DocumentSideView.swift in Sources */,
				65EC7FE6286C4288007F47D4 /* DashboardView.swift in Sources */,
				65EC7FE9286C4288007F47D4 /* SideView.swift in Sources */,
				0A130612288452FC0025F183 /* AddTranslationViewModel.swift in Sources */,
				0A1305F5288291450025F183 /* FilesListViewModel.swift in Sources */,
				65EC7FD0286C40BA007F47D4 /* ContentViewExample.swift in Sources */,
				0A1305EB288196910025F183 /* BaseModel.swift in Sources */,
				0AD62B6228864E9700D70A35 /* DateExt.swift in Sources */,
				658D76302871CD7100C60B5C /* FilesView.swift in Sources */,
				0AD62B52288595A300D70A35 /* UpdateHighlightViewModel.swift in Sources */,
				65EC7FE7286C4288007F47D4 /* SettingView.swift in Sources */,
				65EC7FDA286C40BB007F47D4 /* MC2.xcdatamodeld in Sources */,
				0A1305E7288196120025F183 /* AddHighlightViewModel.swift in Sources */,
				0AD62B5E2885D0C700D70A35 /* NotesListViewModel.swift in Sources */,
				0A37B23B28855100002107F6 /* HighlightCellView.swift in Sources */,
				658D763A28721A1D00C60B5C /* RecentlyViewedDropdownView.swift in Sources */,
				0A13060C2883CF840025F183 /* SelectionLineViewModel.swift in Sources */,
				0A1305F1288272D80025F183 /* FileViewModel.swift in Sources */,
				0A35A1CF2873466E0001CFBD /* SelectionLineCoreDataManager.swift in Sources */,
				0A35A1D32873633C0001CFBD /* Translation.swift in Sources */,
				0AD62B582885CC3E00D70A35 /* Highlight+CoreDataProperties.swift in Sources */,
				0A1305F328828B6A0025F183 /* AddFileView.swift in Sources */,
				0A1306102883D7DE0025F183 /* AddSelectionLineViewModel.swift in Sources */,
				0A8B3F1E286CAA9E003DE765 /* DocumentView.swift in Sources */,
				0A37B23D2885559F002107F6 /* HighlightDetailView.swift in Sources */,
				0AD62B572885CC3E00D70A35 /* Highlight+CoreDataClass.swift in Sources */,
				0AD62B5A2885CFCE00D70A35 /* NoteViewModel.swift in Sources */,
				0A35A1CD287344A70001CFBD /* HighlightCoreDataManager.swift in Sources */,
				0A35A1D128734A8D0001CFBD /* UIColorExt.swift in Sources */,
				0AD62B5C2885D07500D70A35 /* AddNoteViewModel.swift in Sources */,
				0A13060E2883D24E0025F183 /* SelectionLine+Extensions.swift in Sources */,
				658D76362871EA3100C60B5C /* SearchObservableObjectFile.swift in Sources */,
				0A8B3F28286CB9B0003DE765 /* DocumentViewController.swift in Sources */,
				0A35A1CA2872DAE90001CFBD /* UIViewExt.swift in Sources */,
				0A1305E9288196750025F183 /* Highlight+Extensions.swift in Sources */,
				0A1305F72883B7B10025F183 /* HighlightsListViewModel.swift in Sources */,
				0AD62B602885D11700D70A35 /* Note+Extensions.swift in Sources */,
				65EC7FCE286C40BA007F47D4 /* MC2App.swift in Sources */,
				658D76342871D31200C60B5C /* EmptyView.swift in Sources */,
				0A1305ED288198E20025F183 /* AddFileViewModel.swift in Sources */,
				0AD62B542885C6F100D70A35 /* ColorExt.swift in Sources */,
				65EC7FE1286C41BE007F47D4 /* ContentView.swift in Sources */,
				0A130614288453150025F183 /* TranslationViewModel.swift in Sources */,
				0A37B23F28855EF8002107F6 /* NoteInputView.swift in Sources */,
			);
			runOnlyForDeploymentPostprocessing = 0;
		};
/* End PBXSourcesBuildPhase section */

/* Begin XCBuildConfiguration section */
		65EC7FDB286C40BB007F47D4 /* Debug */ = {
			isa = XCBuildConfiguration;
			buildSettings = {
				ALWAYS_SEARCH_USER_PATHS = NO;
				CLANG_ANALYZER_NONNULL = YES;
				CLANG_ANALYZER_NUMBER_OBJECT_CONVERSION = YES_AGGRESSIVE;
				CLANG_CXX_LANGUAGE_STANDARD = "gnu++17";
				CLANG_ENABLE_MODULES = YES;
				CLANG_ENABLE_OBJC_ARC = YES;
				CLANG_ENABLE_OBJC_WEAK = YES;
				CLANG_WARN_BLOCK_CAPTURE_AUTORELEASING = YES;
				CLANG_WARN_BOOL_CONVERSION = YES;
				CLANG_WARN_COMMA = YES;
				CLANG_WARN_CONSTANT_CONVERSION = YES;
				CLANG_WARN_DEPRECATED_OBJC_IMPLEMENTATIONS = YES;
				CLANG_WARN_DIRECT_OBJC_ISA_USAGE = YES_ERROR;
				CLANG_WARN_DOCUMENTATION_COMMENTS = YES;
				CLANG_WARN_EMPTY_BODY = YES;
				CLANG_WARN_ENUM_CONVERSION = YES;
				CLANG_WARN_INFINITE_RECURSION = YES;
				CLANG_WARN_INT_CONVERSION = YES;
				CLANG_WARN_NON_LITERAL_NULL_CONVERSION = YES;
				CLANG_WARN_OBJC_IMPLICIT_RETAIN_SELF = YES;
				CLANG_WARN_OBJC_LITERAL_CONVERSION = YES;
				CLANG_WARN_OBJC_ROOT_CLASS = YES_ERROR;
				CLANG_WARN_QUOTED_INCLUDE_IN_FRAMEWORK_HEADER = YES;
				CLANG_WARN_RANGE_LOOP_ANALYSIS = YES;
				CLANG_WARN_STRICT_PROTOTYPES = YES;
				CLANG_WARN_SUSPICIOUS_MOVE = YES;
				CLANG_WARN_UNGUARDED_AVAILABILITY = YES_AGGRESSIVE;
				CLANG_WARN_UNREACHABLE_CODE = YES;
				CLANG_WARN__DUPLICATE_METHOD_MATCH = YES;
				COPY_PHASE_STRIP = NO;
				DEBUG_INFORMATION_FORMAT = dwarf;
				ENABLE_STRICT_OBJC_MSGSEND = YES;
				ENABLE_TESTABILITY = YES;
				GCC_C_LANGUAGE_STANDARD = gnu11;
				GCC_DYNAMIC_NO_PIC = NO;
				GCC_NO_COMMON_BLOCKS = YES;
				GCC_OPTIMIZATION_LEVEL = 0;
				GCC_PREPROCESSOR_DEFINITIONS = (
					"DEBUG=1",
					"$(inherited)",
				);
				GCC_WARN_64_TO_32_BIT_CONVERSION = YES;
				GCC_WARN_ABOUT_RETURN_TYPE = YES_ERROR;
				GCC_WARN_UNDECLARED_SELECTOR = YES;
				GCC_WARN_UNINITIALIZED_AUTOS = YES_AGGRESSIVE;
				GCC_WARN_UNUSED_FUNCTION = YES;
				GCC_WARN_UNUSED_VARIABLE = YES;
				IPHONEOS_DEPLOYMENT_TARGET = 15.5;
				MTL_ENABLE_DEBUG_INFO = INCLUDE_SOURCE;
				MTL_FAST_MATH = YES;
				ONLY_ACTIVE_ARCH = YES;
				SDKROOT = iphoneos;
				SWIFT_ACTIVE_COMPILATION_CONDITIONS = DEBUG;
				SWIFT_OPTIMIZATION_LEVEL = "-Onone";
			};
			name = Debug;
		};
		65EC7FDC286C40BB007F47D4 /* Release */ = {
			isa = XCBuildConfiguration;
			buildSettings = {
				ALWAYS_SEARCH_USER_PATHS = NO;
				CLANG_ANALYZER_NONNULL = YES;
				CLANG_ANALYZER_NUMBER_OBJECT_CONVERSION = YES_AGGRESSIVE;
				CLANG_CXX_LANGUAGE_STANDARD = "gnu++17";
				CLANG_ENABLE_MODULES = YES;
				CLANG_ENABLE_OBJC_ARC = YES;
				CLANG_ENABLE_OBJC_WEAK = YES;
				CLANG_WARN_BLOCK_CAPTURE_AUTORELEASING = YES;
				CLANG_WARN_BOOL_CONVERSION = YES;
				CLANG_WARN_COMMA = YES;
				CLANG_WARN_CONSTANT_CONVERSION = YES;
				CLANG_WARN_DEPRECATED_OBJC_IMPLEMENTATIONS = YES;
				CLANG_WARN_DIRECT_OBJC_ISA_USAGE = YES_ERROR;
				CLANG_WARN_DOCUMENTATION_COMMENTS = YES;
				CLANG_WARN_EMPTY_BODY = YES;
				CLANG_WARN_ENUM_CONVERSION = YES;
				CLANG_WARN_INFINITE_RECURSION = YES;
				CLANG_WARN_INT_CONVERSION = YES;
				CLANG_WARN_NON_LITERAL_NULL_CONVERSION = YES;
				CLANG_WARN_OBJC_IMPLICIT_RETAIN_SELF = YES;
				CLANG_WARN_OBJC_LITERAL_CONVERSION = YES;
				CLANG_WARN_OBJC_ROOT_CLASS = YES_ERROR;
				CLANG_WARN_QUOTED_INCLUDE_IN_FRAMEWORK_HEADER = YES;
				CLANG_WARN_RANGE_LOOP_ANALYSIS = YES;
				CLANG_WARN_STRICT_PROTOTYPES = YES;
				CLANG_WARN_SUSPICIOUS_MOVE = YES;
				CLANG_WARN_UNGUARDED_AVAILABILITY = YES_AGGRESSIVE;
				CLANG_WARN_UNREACHABLE_CODE = YES;
				CLANG_WARN__DUPLICATE_METHOD_MATCH = YES;
				COPY_PHASE_STRIP = NO;
				DEBUG_INFORMATION_FORMAT = "dwarf-with-dsym";
				ENABLE_NS_ASSERTIONS = NO;
				ENABLE_STRICT_OBJC_MSGSEND = YES;
				GCC_C_LANGUAGE_STANDARD = gnu11;
				GCC_NO_COMMON_BLOCKS = YES;
				GCC_WARN_64_TO_32_BIT_CONVERSION = YES;
				GCC_WARN_ABOUT_RETURN_TYPE = YES_ERROR;
				GCC_WARN_UNDECLARED_SELECTOR = YES;
				GCC_WARN_UNINITIALIZED_AUTOS = YES_AGGRESSIVE;
				GCC_WARN_UNUSED_FUNCTION = YES;
				GCC_WARN_UNUSED_VARIABLE = YES;
				IPHONEOS_DEPLOYMENT_TARGET = 15.5;
				MTL_ENABLE_DEBUG_INFO = NO;
				MTL_FAST_MATH = YES;
				SDKROOT = iphoneos;
				SWIFT_COMPILATION_MODE = wholemodule;
				SWIFT_OPTIMIZATION_LEVEL = "-O";
				VALIDATE_PRODUCT = YES;
			};
			name = Release;
		};
		65EC7FDE286C40BB007F47D4 /* Debug */ = {
			isa = XCBuildConfiguration;
			buildSettings = {
				ASSETCATALOG_COMPILER_APPICON_NAME = AppIcon;
				ASSETCATALOG_COMPILER_GLOBAL_ACCENT_COLOR_NAME = AccentColor;
				CODE_SIGN_STYLE = Automatic;
				CURRENT_PROJECT_VERSION = 1;
				DEVELOPMENT_ASSET_PATHS = "\"MC2/Preview Content\"";
				DEVELOPMENT_TEAM = PSKBVM3X2F;
				ENABLE_PREVIEWS = YES;
				GENERATE_INFOPLIST_FILE = YES;
				INFOPLIST_KEY_UIApplicationSceneManifest_Generation = YES;
				INFOPLIST_KEY_UIApplicationSupportsIndirectInputEvents = YES;
				INFOPLIST_KEY_UILaunchScreen_Generation = YES;
				INFOPLIST_KEY_UISupportedInterfaceOrientations_iPad = "UIInterfaceOrientationPortrait UIInterfaceOrientationPortraitUpsideDown UIInterfaceOrientationLandscapeLeft UIInterfaceOrientationLandscapeRight";
				INFOPLIST_KEY_UISupportedInterfaceOrientations_iPhone = "UIInterfaceOrientationPortrait UIInterfaceOrientationLandscapeLeft UIInterfaceOrientationLandscapeRight";
				LD_RUNPATH_SEARCH_PATHS = (
					"$(inherited)",
					"@executable_path/Frameworks",
				);
				MARKETING_VERSION = 1.0;
				PRODUCT_BUNDLE_IDENTIFIER = Clara.MC2;
				PRODUCT_NAME = "$(TARGET_NAME)";
				SWIFT_EMIT_LOC_STRINGS = YES;
				SWIFT_VERSION = 5.0;
				TARGETED_DEVICE_FAMILY = "1,2";
			};
			name = Debug;
		};
		65EC7FDF286C40BB007F47D4 /* Release */ = {
			isa = XCBuildConfiguration;
			buildSettings = {
				ASSETCATALOG_COMPILER_APPICON_NAME = AppIcon;
				ASSETCATALOG_COMPILER_GLOBAL_ACCENT_COLOR_NAME = AccentColor;
				CODE_SIGN_STYLE = Automatic;
				CURRENT_PROJECT_VERSION = 1;
				DEVELOPMENT_ASSET_PATHS = "\"MC2/Preview Content\"";
				DEVELOPMENT_TEAM = PSKBVM3X2F;
				ENABLE_PREVIEWS = YES;
				GENERATE_INFOPLIST_FILE = YES;
				INFOPLIST_KEY_UIApplicationSceneManifest_Generation = YES;
				INFOPLIST_KEY_UIApplicationSupportsIndirectInputEvents = YES;
				INFOPLIST_KEY_UILaunchScreen_Generation = YES;
				INFOPLIST_KEY_UISupportedInterfaceOrientations_iPad = "UIInterfaceOrientationPortrait UIInterfaceOrientationPortraitUpsideDown UIInterfaceOrientationLandscapeLeft UIInterfaceOrientationLandscapeRight";
				INFOPLIST_KEY_UISupportedInterfaceOrientations_iPhone = "UIInterfaceOrientationPortrait UIInterfaceOrientationLandscapeLeft UIInterfaceOrientationLandscapeRight";
				LD_RUNPATH_SEARCH_PATHS = (
					"$(inherited)",
					"@executable_path/Frameworks",
				);
				MARKETING_VERSION = 1.0;
				PRODUCT_BUNDLE_IDENTIFIER = Clara.MC2;
				PRODUCT_NAME = "$(TARGET_NAME)";
				SWIFT_EMIT_LOC_STRINGS = YES;
				SWIFT_VERSION = 5.0;
				TARGETED_DEVICE_FAMILY = "1,2";
			};
			name = Release;
		};
/* End XCBuildConfiguration section */

/* Begin XCConfigurationList section */
		65EC7FC5286C40BA007F47D4 /* Build configuration list for PBXProject "MC2" */ = {
			isa = XCConfigurationList;
			buildConfigurations = (
				65EC7FDB286C40BB007F47D4 /* Debug */,
				65EC7FDC286C40BB007F47D4 /* Release */,
			);
			defaultConfigurationIsVisible = 0;
			defaultConfigurationName = Release;
		};
		65EC7FDD286C40BB007F47D4 /* Build configuration list for PBXNativeTarget "MC2" */ = {
			isa = XCConfigurationList;
			buildConfigurations = (
				65EC7FDE286C40BB007F47D4 /* Debug */,
				65EC7FDF286C40BB007F47D4 /* Release */,
			);
			defaultConfigurationIsVisible = 0;
			defaultConfigurationName = Release;
		};
/* End XCConfigurationList section */

/* Begin XCVersionGroup section */
		65EC7FD8286C40BB007F47D4 /* MC2.xcdatamodeld */ = {
			isa = XCVersionGroup;
			children = (
				65EC7FD9286C40BB007F47D4 /* MC2.xcdatamodel */,
			);
			currentVersion = 65EC7FD9286C40BB007F47D4 /* MC2.xcdatamodel */;
			path = MC2.xcdatamodeld;
			sourceTree = "<group>";
			versionGroupType = wrapper.xcdatamodel;
		};
/* End XCVersionGroup section */
	};
	rootObject = 65EC7FC2286C40BA007F47D4 /* Project object */;
}
